
Microsoft Visual Studio Solution File, Format Version 12.00
# Visual Studio Version 17
VisualStudioVersion = 17.0.31521.260
MinimumVisualStudioVersion = 10.0.40219.1
Project("{FAE04EC0-301F-11D3-BF4B-00C04F79EFBC}") = "DifferentEmailsCount", "DifferentEmailsCount\DifferentEmailsCount.csproj", "{D5E82994-6581-46D6-A17E-3662DDD535F7}"
EndProject
Project("{FAE04EC0-301F-11D3-BF4B-00C04F79EFBC}") = "MaximumConsecutiveNumbers", "MaximumConsecutiveNumbers\MaximumConsecutiveNumbers.csproj", "{9AAA391E-5335-4BE5-83E4-43ADE087AE35}"
EndProject
Global
	GlobalSection(SolutionConfigurationPlatforms) = preSolution
		Debug|Any CPU = Debug|Any CPU
		Release|Any CPU = Release|Any CPU
	EndGlobalSection
	GlobalSection(ProjectConfigurationPlatforms) = postSolution
		{D5E82994-6581-46D6-A17E-3662DDD535F7}.Debug|Any CPU.ActiveCfg = Debug|Any CPU
		{D5E82994-6581-46D6-A17E-3662DDD535F7}.Debug|Any CPU.Build.0 = Debug|Any CPU
		{D5E82994-6581-46D6-A17E-3662DDD535F7}.Release|Any CPU.ActiveCfg = Release|Any CPU
		{D5E82994-6581-46D6-A17E-3662DDD535F7}.Release|Any CPU.Build.0 = Release|Any CPU
		{9AAA391E-5335-4BE5-83E4-43ADE087AE35}.Debug|Any CPU.ActiveCfg = Debug|Any CPU
		{9AAA391E-5335-4BE5-83E4-43ADE087AE35}.Debug|Any CPU.Build.0 = Debug|Any CPU
		{9AAA391E-5335-4BE5-83E4-43ADE087AE35}.Release|Any CPU.ActiveCfg = Release|Any CPU
		{9AAA391E-5335-4BE5-83E4-43ADE087AE35}.Release|Any CPU.Build.0 = Release|Any CPU
	EndGlobalSection
	GlobalSection(SolutionProperties) = preSolution
		HideSolutionNode = FALSE
	EndGlobalSection
	GlobalSection(ExtensibilityGlobals) = postSolution
		SolutionGuid = {1CD6A87E-ACAD-459D-89EE-DDEAEEFC074D}
	EndGlobalSection
EndGlobal
